// !$*UTF8*$!
{
	archiveVersion = 1;
	classes = {
	};
	objectVersion = 46;
	objects = {

/* Begin PBXBuildFile section */
		18279FDA17DEEE140059D518 /* main.cpp in Sources */ = {isa = PBXBuildFile; fileRef = 18279FD917DEEE140059D518 /* main.cpp */; };
		1827A16C17DF0FFE0059D518 /* libopencv_objdetect.2.4.6.dylib in Frameworks */ = {isa = PBXBuildFile; fileRef = 1827A16517DF0FFD0059D518 /* libopencv_objdetect.2.4.6.dylib */; };
		1827A16D17DF0FFE0059D518 /* libopencv_photo.2.4.6.dylib in Frameworks */ = {isa = PBXBuildFile; fileRef = 1827A16617DF0FFD0059D518 /* libopencv_photo.2.4.6.dylib */; };
		1827A16E17DF0FFE0059D518 /* libopencv_contrib.2.4.6.dylib in Frameworks */ = {isa = PBXBuildFile; fileRef = 1827A16717DF0FFD0059D518 /* libopencv_contrib.2.4.6.dylib */; };
		1827A16F17DF0FFE0059D518 /* libopencv_highgui.2.4.6.dylib in Frameworks */ = {isa = PBXBuildFile; fileRef = 1827A16817DF0FFD0059D518 /* libopencv_highgui.2.4.6.dylib */; };
		1827A17117DF0FFE0059D518 /* libopencv_ml.2.4.6.dylib in Frameworks */ = {isa = PBXBuildFile; fileRef = 1827A16A17DF0FFD0059D518 /* libopencv_ml.2.4.6.dylib */; };
		1827A17217DF0FFE0059D518 /* libopencv_core.2.4.6.dylib in Frameworks */ = {isa = PBXBuildFile; fileRef = 1827A16B17DF0FFE0059D518 /* libopencv_core.2.4.6.dylib */; };
		1827A1BF17DF30290059D518 /* libopencv_imgproc.2.4.6.dylib in Frameworks */ = {isa = PBXBuildFile; fileRef = 1827A1BE17DF30290059D518 /* libopencv_imgproc.2.4.6.dylib */; };
		B3EF405617FD418B00484659 /* haarcascade_eye_tree_eyeglasses.xml in Copy Files */ = {isa = PBXBuildFile; fileRef = 1827A1A317DF22100059D518 /* haarcascade_eye_tree_eyeglasses.xml */; };
		B3EF405717FD418B00484659 /* haarcascade_frontalface_alt.xml in Copy Files */ = {isa = PBXBuildFile; fileRef = 1827A1A217DF21EC0059D518 /* haarcascade_frontalface_alt.xml */; };
/* End PBXBuildFile section */

/* Begin PBXContainerItemProxy section */
		1827A15917DF026E0059D518 /* PBXContainerItemProxy */ = {
			isa = PBXContainerItemProxy;
			containerPortal = 1827A0E117DEEF440059D518 /* core.xcodeproj */;
			proxyType = 1;
			remoteGlobalIDString = 1827A0D217DEEF430059D518;
			remoteInfo = core;
		};
		1827A15B17DF02740059D518 /* PBXContainerItemProxy */ = {
			isa = PBXContainerItemProxy;
			containerPortal = 1827A11117DEEFBD0059D518 /* objdetect.xcodeproj */;
			proxyType = 1;
			remoteGlobalIDString = 1827A10317DEEFBC0059D518;
			remoteInfo = objdetect;
		};
		1827A15D17DF02780059D518 /* PBXContainerItemProxy */ = {
			isa = PBXContainerItemProxy;
			containerPortal = 1827A15517DEEFE50059D518 /* features2d.xcodeproj */;
			proxyType = 1;
			remoteGlobalIDString = 1827A14717DEEFE50059D518;
			remoteInfo = features2d;
		};
		1827A15F17DF027D0059D518 /* PBXContainerItemProxy */ = {
			isa = PBXContainerItemProxy;
			containerPortal = 1827A13E17DEEFD50059D518 /* highgui.xcodeproj */;
			proxyType = 1;
			remoteGlobalIDString = 1827A13017DEEFD40059D518;
			remoteInfo = highgui;
		};
		1827A16117DF02810059D518 /* PBXContainerItemProxy */ = {
			isa = PBXContainerItemProxy;
			containerPortal = 1827A12717DEEFC50059D518 /* ml.xcodeproj */;
			proxyType = 1;
			remoteGlobalIDString = 1827A11A17DEEFC50059D518;
			remoteInfo = ml;
		};
		1827A16317DF02840059D518 /* PBXContainerItemProxy */ = {
			isa = PBXContainerItemProxy;
			containerPortal = 1827A0F917DEEF900059D518 /* contrib.xcodeproj */;
			proxyType = 1;
			remoteGlobalIDString = 1827A0EC17DEEF8F0059D518;
			remoteInfo = contrib;
		};
		1827A1BC17DF2E300059D518 /* PBXContainerItemProxy */ = {
			isa = PBXContainerItemProxy;
			containerPortal = 1827A1B817DF2E040059D518 /* imgproc.xcodeproj */;
			proxyType = 1;
			remoteGlobalIDString = 1827A1A917DF2E030059D518;
			remoteInfo = imgproc;
		};
/* End PBXContainerItemProxy section */

/* Begin PBXCopyFilesBuildPhase section */
		18279FD417DEEE130059D518 /* Copy Files */ = {
			isa = PBXCopyFilesBuildPhase;
			buildActionMask = 12;
			dstPath = "";
			dstSubfolderSpec = 16;
			files = (
				B3EF405617FD418B00484659 /* haarcascade_eye_tree_eyeglasses.xml in Copy Files */,
				B3EF405717FD418B00484659 /* haarcascade_frontalface_alt.xml in Copy Files */,
			);
			name = "Copy Files";
			runOnlyForDeploymentPostprocessing = 0;
		};
/* End PBXCopyFilesBuildPhase section */

/* Begin PBXFileReference section */
		18279FD617DEEE140059D518 /* OpenCVSrc */ = {isa = PBXFileReference; explicitFileType = "compiled.mach-o.executable"; includeInIndex = 0; path = OpenCVSrc; sourceTree = BUILT_PRODUCTS_DIR; };
		18279FD917DEEE140059D518 /* main.cpp */ = {isa = PBXFileReference; lastKnownFileType = sourcecode.cpp.cpp; path = main.cpp; sourceTree = "<group>"; };
		1827A0E117DEEF440059D518 /* core.xcodeproj */ = {isa = PBXFileReference; lastKnownFileType = "wrapper.pb-project"; name = core.xcodeproj; path = "../../Downloads/opencv-2.4.6/modules/core/core.xcodeproj"; sourceTree = "<group>"; };
		1827A0F917DEEF900059D518 /* contrib.xcodeproj */ = {isa = PBXFileReference; lastKnownFileType = "wrapper.pb-project"; name = contrib.xcodeproj; path = "../../Downloads/opencv-2.4.6/modules/contrib/contrib.xcodeproj"; sourceTree = "<group>"; };
		1827A11117DEEFBD0059D518 /* objdetect.xcodeproj */ = {isa = PBXFileReference; lastKnownFileType = "wrapper.pb-project"; name = objdetect.xcodeproj; path = "../../Downloads/opencv-2.4.6/modules/objdetect/objdetect.xcodeproj"; sourceTree = "<group>"; };
		1827A12717DEEFC50059D518 /* ml.xcodeproj */ = {isa = PBXFileReference; lastKnownFileType = "wrapper.pb-project"; name = ml.xcodeproj; path = "../../Downloads/opencv-2.4.6/modules/ml/ml.xcodeproj"; sourceTree = "<group>"; };
		1827A13E17DEEFD50059D518 /* highgui.xcodeproj */ = {isa = PBXFileReference; lastKnownFileType = "wrapper.pb-project"; name = highgui.xcodeproj; path = "../../Downloads/opencv-2.4.6/modules/highgui/highgui.xcodeproj"; sourceTree = "<group>"; };
		1827A15517DEEFE50059D518 /* features2d.xcodeproj */ = {isa = PBXFileReference; lastKnownFileType = "wrapper.pb-project"; name = features2d.xcodeproj; path = "../../Downloads/opencv-2.4.6/modules/features2d/features2d.xcodeproj"; sourceTree = "<group>"; };
		1827A16517DF0FFD0059D518 /* libopencv_objdetect.2.4.6.dylib */ = {isa = PBXFileReference; lastKnownFileType = "compiled.mach-o.dylib"; name = libopencv_objdetect.2.4.6.dylib; path = ../MyOpenCV/libopencv_objdetect.2.4.6.dylib; sourceTree = "<group>"; };
		1827A16617DF0FFD0059D518 /* libopencv_photo.2.4.6.dylib */ = {isa = PBXFileReference; lastKnownFileType = "compiled.mach-o.dylib"; name = libopencv_photo.2.4.6.dylib; path = ../MyOpenCV/libopencv_photo.2.4.6.dylib; sourceTree = "<group>"; };
		1827A16717DF0FFD0059D518 /* libopencv_contrib.2.4.6.dylib */ = {isa = PBXFileReference; lastKnownFileType = "compiled.mach-o.dylib"; name = libopencv_contrib.2.4.6.dylib; path = ../MyOpenCV/libopencv_contrib.2.4.6.dylib; sourceTree = "<group>"; };
		1827A16817DF0FFD0059D518 /* libopencv_highgui.2.4.6.dylib */ = {isa = PBXFileReference; lastKnownFileType = "compiled.mach-o.dylib"; name = libopencv_highgui.2.4.6.dylib; path = ../MyOpenCV/libopencv_highgui.2.4.6.dylib; sourceTree = "<group>"; };
		1827A16A17DF0FFD0059D518 /* libopencv_ml.2.4.6.dylib */ = {isa = PBXFileReference; lastKnownFileType = "compiled.mach-o.dylib"; name = libopencv_ml.2.4.6.dylib; path = ../MyOpenCV/libopencv_ml.2.4.6.dylib; sourceTree = "<group>"; };
		1827A16B17DF0FFE0059D518 /* libopencv_core.2.4.6.dylib */ = {isa = PBXFileReference; lastKnownFileType = "compiled.mach-o.dylib"; name = libopencv_core.2.4.6.dylib; path = ../MyOpenCV/libopencv_core.2.4.6.dylib; sourceTree = "<group>"; };
		1827A1A217DF21EC0059D518 /* haarcascade_frontalface_alt.xml */ = {isa = PBXFileReference; fileEncoding = 4; lastKnownFileType = text.xml; path = haarcascade_frontalface_alt.xml; sourceTree = "<group>"; };
		1827A1A317DF22100059D518 /* haarcascade_eye_tree_eyeglasses.xml */ = {isa = PBXFileReference; fileEncoding = 4; lastKnownFileType = text.xml; path = haarcascade_eye_tree_eyeglasses.xml; sourceTree = "<group>"; };
		1827A1B817DF2E040059D518 /* imgproc.xcodeproj */ = {isa = PBXFileReference; lastKnownFileType = "wrapper.pb-project"; name = imgproc.xcodeproj; path = "../../Downloads/opencv-2.4.6/modules/imgproc/imgproc.xcodeproj"; sourceTree = "<group>"; };
		1827A1BE17DF30290059D518 /* libopencv_imgproc.2.4.6.dylib */ = {isa = PBXFileReference; lastKnownFileType = "compiled.mach-o.dylib"; name = libopencv_imgproc.2.4.6.dylib; path = ../MyOpenCV/libopencv_imgproc.2.4.6.dylib; sourceTree = "<group>"; };
/* End PBXFileReference section */

/* Begin PBXFrameworksBuildPhase section */
		18279FD317DEEE130059D518 /* Frameworks */ = {
			isa = PBXFrameworksBuildPhase;
			buildActionMask = 2147483647;
			files = (
				1827A1BF17DF30290059D518 /* libopencv_imgproc.2.4.6.dylib in Frameworks */,
				1827A16C17DF0FFE0059D518 /* libopencv_objdetect.2.4.6.dylib in Frameworks */,
				1827A16D17DF0FFE0059D518 /* libopencv_photo.2.4.6.dylib in Frameworks */,
				1827A16E17DF0FFE0059D518 /* libopencv_contrib.2.4.6.dylib in Frameworks */,
				1827A16F17DF0FFE0059D518 /* libopencv_highgui.2.4.6.dylib in Frameworks */,
				1827A17117DF0FFE0059D518 /* libopencv_ml.2.4.6.dylib in Frameworks */,
				1827A17217DF0FFE0059D518 /* libopencv_core.2.4.6.dylib in Frameworks */,
			);
			runOnlyForDeploymentPostprocessing = 0;
		};
/* End PBXFrameworksBuildPhase section */

/* Begin PBXGroup section */
		18279FCD17DEEE130059D518 = {
			isa = PBXGroup;
			children = (
				1827A1A117DF1F590059D518 /* Depened_Libs */,
				1827A0FD17DEEFAC0059D518 /* MachineLearning */,
				1827A0E617DEEF770059D518 /* Contribs */,
				1827A0CC17DEEF290059D518 /* Core */,
				18279FD817DEEE140059D518 /* OpenCVSrc */,
				18279FD717DEEE140059D518 /* Products */,
			);
			sourceTree = "<group>";
		};
		18279FD717DEEE140059D518 /* Products */ = {
			isa = PBXGroup;
			children = (
				18279FD617DEEE140059D518 /* OpenCVSrc */,
			);
			name = Products;
			sourceTree = "<group>";
		};
		18279FD817DEEE140059D518 /* OpenCVSrc */ = {
			isa = PBXGroup;
			children = (
				1827A1A317DF22100059D518 /* haarcascade_eye_tree_eyeglasses.xml */,
				1827A1A217DF21EC0059D518 /* haarcascade_frontalface_alt.xml */,
				18279FD917DEEE140059D518 /* main.cpp */,
			);
			path = OpenCVSrc;
			sourceTree = "<group>";
		};
		1827A0CC17DEEF290059D518 /* Core */ = {
			isa = PBXGroup;
			children = (
				1827A0E117DEEF440059D518 /* core.xcodeproj */,
			);
			name = Core;
			sourceTree = "<group>";
		};
		1827A0E217DEEF440059D518 /* Products */ = {
			isa = PBXGroup;
			children = (
			);
			name = Products;
			sourceTree = "<group>";
		};
		1827A0E617DEEF770059D518 /* Contribs */ = {
			isa = PBXGroup;
			children = (
				1827A0F917DEEF900059D518 /* contrib.xcodeproj */,
			);
			name = Contribs;
			sourceTree = "<group>";
		};
		1827A0FA17DEEF900059D518 /* Products */ = {
			isa = PBXGroup;
			children = (
			);
			name = Products;
			sourceTree = "<group>";
		};
		1827A0FD17DEEFAC0059D518 /* MachineLearning */ = {
			isa = PBXGroup;
			children = (
				1827A1B817DF2E040059D518 /* imgproc.xcodeproj */,
				1827A15517DEEFE50059D518 /* features2d.xcodeproj */,
				1827A13E17DEEFD50059D518 /* highgui.xcodeproj */,
				1827A12717DEEFC50059D518 /* ml.xcodeproj */,
				1827A11117DEEFBD0059D518 /* objdetect.xcodeproj */,
			);
			name = MachineLearning;
			sourceTree = "<group>";
		};
		1827A11217DEEFBD0059D518 /* Products */ = {
			isa = PBXGroup;
			children = (
			);
			name = Products;
			sourceTree = "<group>";
		};
		1827A12817DEEFC50059D518 /* Products */ = {
			isa = PBXGroup;
			children = (
			);
			name = Products;
			sourceTree = "<group>";
		};
		1827A13F17DEEFD50059D518 /* Products */ = {
			isa = PBXGroup;
			children = (
			);
			name = Products;
			sourceTree = "<group>";
		};
		1827A15617DEEFE50059D518 /* Products */ = {
			isa = PBXGroup;
			children = (
			);
			name = Products;
			sourceTree = "<group>";
		};
		1827A1A117DF1F590059D518 /* Depened_Libs */ = {
			isa = PBXGroup;
			children = (
				1827A1BE17DF30290059D518 /* libopencv_imgproc.2.4.6.dylib */,
				1827A16517DF0FFD0059D518 /* libopencv_objdetect.2.4.6.dylib */,
				1827A16617DF0FFD0059D518 /* libopencv_photo.2.4.6.dylib */,
				1827A16717DF0FFD0059D518 /* libopencv_contrib.2.4.6.dylib */,
				1827A16817DF0FFD0059D518 /* libopencv_highgui.2.4.6.dylib */,
				1827A16A17DF0FFD0059D518 /* libopencv_ml.2.4.6.dylib */,
				1827A16B17DF0FFE0059D518 /* libopencv_core.2.4.6.dylib */,
			);
			name = Depened_Libs;
			sourceTree = "<group>";
		};
		1827A1B917DF2E040059D518 /* Products */ = {
			isa = PBXGroup;
			children = (
			);
			name = Products;
			sourceTree = "<group>";
		};
/* End PBXGroup section */

/* Begin PBXNativeTarget section */
		18279FD517DEEE130059D518 /* OpenCVSrc */ = {
			isa = PBXNativeTarget;
			buildConfigurationList = 18279FDF17DEEE140059D518 /* Build configuration list for PBXNativeTarget "OpenCVSrc" */;
			buildPhases = (
				18279FD217DEEE130059D518 /* Sources */,
				18279FD317DEEE130059D518 /* Frameworks */,
				18279FD417DEEE130059D518 /* Copy Files */,
			);
			buildRules = (
			);
			dependencies = (
				1827A1BD17DF2E300059D518 /* PBXTargetDependency */,
				1827A16417DF02840059D518 /* PBXTargetDependency */,
				1827A16217DF02810059D518 /* PBXTargetDependency */,
				1827A16017DF027D0059D518 /* PBXTargetDependency */,
				1827A15E17DF02780059D518 /* PBXTargetDependency */,
				1827A15C17DF02740059D518 /* PBXTargetDependency */,
				1827A15A17DF026E0059D518 /* PBXTargetDependency */,
			);
			name = OpenCVSrc;
			productName = OpenCVSrc;
			productReference = 18279FD617DEEE140059D518 /* OpenCVSrc */;
			productType = "com.apple.product-type.tool";
		};
/* End PBXNativeTarget section */

/* Begin PBXProject section */
		18279FCE17DEEE130059D518 /* Project object */ = {
			isa = PBXProject;
			attributes = {
				LastUpgradeCheck = 0460;
				ORGANIZATIONNAME = tiange;
			};
			buildConfigurationList = 18279FD117DEEE130059D518 /* Build configuration list for PBXProject "OpenCVSrc" */;
			compatibilityVersion = "Xcode 3.2";
			developmentRegion = English;
			hasScannedForEncodings = 0;
			knownRegions = (
				en,
			);
			mainGroup = 18279FCD17DEEE130059D518;
			productRefGroup = 18279FD717DEEE140059D518 /* Products */;
			projectDirPath = "";
			projectReferences = (
				{
					ProductGroup = 1827A0FA17DEEF900059D518 /* Products */;
					ProjectRef = 1827A0F917DEEF900059D518 /* contrib.xcodeproj */;
				},
				{
					ProductGroup = 1827A0E217DEEF440059D518 /* Products */;
					ProjectRef = 1827A0E117DEEF440059D518 /* core.xcodeproj */;
				},
				{
					ProductGroup = 1827A15617DEEFE50059D518 /* Products */;
					ProjectRef = 1827A15517DEEFE50059D518 /* features2d.xcodeproj */;
				},
				{
					ProductGroup = 1827A13F17DEEFD50059D518 /* Products */;
					ProjectRef = 1827A13E17DEEFD50059D518 /* highgui.xcodeproj */;
				},
				{
					ProductGroup = 1827A1B917DF2E040059D518 /* Products */;
					ProjectRef = 1827A1B817DF2E040059D518 /* imgproc.xcodeproj */;
				},
				{
					ProductGroup = 1827A12817DEEFC50059D518 /* Products */;
					ProjectRef = 1827A12717DEEFC50059D518 /* ml.xcodeproj */;
				},
				{
					ProductGroup = 1827A11217DEEFBD0059D518 /* Products */;
					ProjectRef = 1827A11117DEEFBD0059D518 /* objdetect.xcodeproj */;
				},
			);
			projectRoot = "";
			targets = (
				18279FD517DEEE130059D518 /* OpenCVSrc */,
			);
		};
/* End PBXProject section */

/* Begin PBXSourcesBuildPhase section */
		18279FD217DEEE130059D518 /* Sources */ = {
			isa = PBXSourcesBuildPhase;
			buildActionMask = 2147483647;
			files = (
				18279FDA17DEEE140059D518 /* main.cpp in Sources */,
			);
			runOnlyForDeploymentPostprocessing = 0;
		};
/* End PBXSourcesBuildPhase section */

/* Begin PBXTargetDependency section */
		1827A15A17DF026E0059D518 /* PBXTargetDependency */ = {
			isa = PBXTargetDependency;
			name = core;
			targetProxy = 1827A15917DF026E0059D518 /* PBXContainerItemProxy */;
		};
		1827A15C17DF02740059D518 /* PBXTargetDependency */ = {
			isa = PBXTargetDependency;
			name = objdetect;
			targetProxy = 1827A15B17DF02740059D518 /* PBXContainerItemProxy */;
		};
		1827A15E17DF02780059D518 /* PBXTargetDependency */ = {
			isa = PBXTargetDependency;
			name = features2d;
			targetProxy = 1827A15D17DF02780059D518 /* PBXContainerItemProxy */;
		};
		1827A16017DF027D0059D518 /* PBXTargetDependency */ = {
			isa = PBXTargetDependency;
			name = highgui;
			targetProxy = 1827A15F17DF027D0059D518 /* PBXContainerItemProxy */;
		};
		1827A16217DF02810059D518 /* PBXTargetDependency */ = {
			isa = PBXTargetDependency;
			name = ml;
			targetProxy = 1827A16117DF02810059D518 /* PBXContainerItemProxy */;
		};
		1827A16417DF02840059D518 /* PBXTargetDependency */ = {
			isa = PBXTargetDependency;
			name = contrib;
			targetProxy = 1827A16317DF02840059D518 /* PBXContainerItemProxy */;
		};
		1827A1BD17DF2E300059D518 /* PBXTargetDependency */ = {
			isa = PBXTargetDependency;
			name = imgproc;
			targetProxy = 1827A1BC17DF2E300059D518 /* PBXContainerItemProxy */;
		};
/* End PBXTargetDependency section */

/* Begin XCBuildConfiguration section */
		18279FDD17DEEE140059D518 /* Debug */ = {
			isa = XCBuildConfiguration;
			buildSettings = {
				ALWAYS_SEARCH_USER_PATHS = NO;
				ARCHS = "$(ARCHS_STANDARD_64_BIT)";
				CLANG_CXX_LANGUAGE_STANDARD = "gnu++0x";
				CLANG_CXX_LIBRARY = "libc++";
				CLANG_ENABLE_OBJC_ARC = YES;
				CLANG_WARN_CONSTANT_CONVERSION = YES;
				CLANG_WARN_EMPTY_BODY = YES;
				CLANG_WARN_ENUM_CONVERSION = YES;
				CLANG_WARN_INT_CONVERSION = YES;
				CLANG_WARN__DUPLICATE_METHOD_MATCH = YES;
				COPY_PHASE_STRIP = NO;
				GCC_C_LANGUAGE_STANDARD = gnu99;
				GCC_DYNAMIC_NO_PIC = NO;
				GCC_ENABLE_OBJC_EXCEPTIONS = YES;
				GCC_OPTIMIZATION_LEVEL = 0;
				GCC_PREPROCESSOR_DEFINITIONS = (
					"DEBUG=1",
					"$(inherited)",
				);
				GCC_SYMBOLS_PRIVATE_EXTERN = NO;
				GCC_WARN_64_TO_32_BIT_CONVERSION = YES;
				GCC_WARN_ABOUT_RETURN_TYPE = YES;
				GCC_WARN_UNINITIALIZED_AUTOS = YES;
				GCC_WARN_UNUSED_VARIABLE = YES;
				MACOSX_DEPLOYMENT_TARGET = 10.7;
				ONLY_ACTIVE_ARCH = YES;
				SDKROOT = macosx;
			};
			name = Debug;
		};
		18279FDE17DEEE140059D518 /* Release */ = {
			isa = XCBuildConfiguration;
			buildSettings = {
				ALWAYS_SEARCH_USER_PATHS = NO;
				ARCHS = "$(ARCHS_STANDARD_64_BIT)";
				CLANG_CXX_LANGUAGE_STANDARD = "gnu++0x";
				CLANG_CXX_LIBRARY = "libc++";
				CLANG_ENABLE_OBJC_ARC = YES;
				CLANG_WARN_CONSTANT_CONVERSION = YES;
				CLANG_WARN_EMPTY_BODY = YES;
				CLANG_WARN_ENUM_CONVERSION = YES;
				CLANG_WARN_INT_CONVERSION = YES;
				CLANG_WARN__DUPLICATE_METHOD_MATCH = YES;
				COPY_PHASE_STRIP = YES;
				DEBUG_INFORMATION_FORMAT = "dwarf-with-dsym";
				GCC_C_LANGUAGE_STANDARD = gnu99;
				GCC_ENABLE_OBJC_EXCEPTIONS = YES;
				GCC_WARN_64_TO_32_BIT_CONVERSION = YES;
				GCC_WARN_ABOUT_RETURN_TYPE = YES;
				GCC_WARN_UNINITIALIZED_AUTOS = YES;
				GCC_WARN_UNUSED_VARIABLE = YES;
				MACOSX_DEPLOYMENT_TARGET = 10.7;
				SDKROOT = macosx;
			};
			name = Release;
		};
		18279FE017DEEE140059D518 /* Debug */ = {
			isa = XCBuildConfiguration;
			buildSettings = {
				CLANG_CXX_LIBRARY = "libstdc++";
				HEADER_SEARCH_PATHS = /usr/local/include;
				LIBRARY_SEARCH_PATHS = (
					"$(inherited)",
					"\"$(SRCROOT)/../MyOpenCV\"",
					"/usr/local/lib/**",
				);
				PRODUCT_NAME = "$(TARGET_NAME)";
			};
			name = Debug;
		};
		18279FE117DEEE140059D518 /* Release */ = {
			isa = XCBuildConfiguration;
			buildSettings = {
				CLANG_CXX_LIBRARY = "libstdc++";
				HEADER_SEARCH_PATHS = /usr/local/include;
				LIBRARY_SEARCH_PATHS = (
					"$(inherited)",
					"\"$(SRCROOT)/../MyOpenCV\"",
					"/usr/local/lib/**",
				);
				PRODUCT_NAME = "$(TARGET_NAME)";
			};
			name = Release;
		};
/* End XCBuildConfiguration section */

/* Begin XCConfigurationList section */
		18279FD117DEEE130059D518 /* Build configuration list for PBXProject "OpenCVSrc" */ = {
			isa = XCConfigurationList;
			buildConfigurations = (
				18279FDD17DEEE140059D518 /* Debug */,
				18279FDE17DEEE140059D518 /* Release */,
			);
			defaultConfigurationIsVisible = 0;
			defaultConfigurationName = Release;
		};
		18279FDF17DEEE140059D518 /* Build configuration list for PBXNativeTarget "OpenCVSrc" */ = {
			isa = XCConfigurationList;
			buildConfigurations = (
				18279FE017DEEE140059D518 /* Debug */,
				18279FE117DEEE140059D518 /* Release */,
			);
			defaultConfigurationIsVisible = 0;
			defaultConfigurationName = Release;
		};
/* End XCConfigurationList section */
	};
	rootObject = 18279FCE17DEEE130059D518 /* Project object */;
}
